<?xml version="1.0" encoding="utf-8"?>
<Project ToolsVersion="4.0" xmlns="http://schemas.microsoft.com/developer/msbuild/2003">
  <ItemGroup>
    <Filter Include="소스 파일">
      <UniqueIdentifier>{4FC737F1-C7A5-4376-A066-2A32D752A2FF}</UniqueIdentifier>
      <Extensions>cpp;c;cc;cxx;def;odl;idl;hpj;bat;asm;asmx</Extensions>
    </Filter>
    <Filter Include="헤더 파일">
      <UniqueIdentifier>{93995380-89BD-4b04-88EB-625FBE52EBFB}</UniqueIdentifier>
      <Extensions>h;hpp;hxx;hm;inl;inc;xsd</Extensions>
    </Filter>
    <Filter Include="리소스 파일">
      <UniqueIdentifier>{67DA6AB6-F800-4c08-8B7A-83BB121AAD01}</UniqueIdentifier>
      <Extensions>rc;ico;cur;bmp;dlg;rc2;rct;bin;rgs;gif;jpg;jpeg;jpe;resx;tiff;tif;png;wav;mfcribbon-ms</Extensions>
    </Filter>
    <Filter Include="Include">
      <UniqueIdentifier>{44733ae1-333d-4077-a8b3-edfa11e99686}</UniqueIdentifier>
    </Filter>
  </ItemGroup>
  <ItemGroup>
    <None Include="ReadMe.txt" />
    <None Include="IPS.reg" />
    <None Include="res\IPS.rc2">
      <Filter>리소스 파일</Filter>
    </None>
    <None Include="res\IPS.ico">
      <Filter>리소스 파일</Filter>
    </None>
  </ItemGroup>
  <ItemGroup>
    <ClInclude Include="IPS.h">
      <Filter>헤더 파일</Filter>
    </ClInclude>
    <ClInclude Include="IPSDlg.h">
      <Filter>헤더 파일</Filter>
    </ClInclude>
    <ClInclude Include="stdafx.h">
      <Filter>헤더 파일</Filter>
    </ClInclude>
    <ClInclude Include="targetver.h">
      <Filter>헤더 파일</Filter>
    </ClInclude>
    <ClInclude Include="Resource.h">
      <Filter>헤더 파일</Filter>
    </ClInclude>
    <ClInclude Include="btnenh.h">
      <Filter>헤더 파일</Filter>
    </ClInclude>
    <ClInclude Include="include\_CtrlImageRect.h">
      <Filter>Include</Filter>
    </ClInclude>
    <ClInclude Include="include\_CtrlModelManage.h">
      <Filter>Include</Filter>
    </ClInclude>
    <ClInclude Include="include\_FuncModuleBasic.h">
      <Filter>Include</Filter>
    </ClInclude>
    <ClInclude Include="include\_FuncModuleHal.h">
      <Filter>Include</Filter>
    </ClInclude>
    <ClInclude Include="include\VisionModuleIPS.h">
      <Filter>Include</Filter>
    </ClInclude>
    <ClInclude Include="btnenhctrl.h">
      <Filter>헤더 파일</Filter>
    </ClInclude>
    <ClInclude Include="_Font.h">
      <Filter>헤더 파일</Filter>
    </ClInclude>
    <ClInclude Include="DialogSetup.h">
      <Filter>헤더 파일</Filter>
    </ClInclude>
    <ClInclude Include="DialogSetupTeaching.h">
      <Filter>헤더 파일</Filter>
    </ClInclude>
    <ClInclude Include="include\Clientsok.H">
      <Filter>Include</Filter>
    </ClInclude>
    <ClInclude Include="include\SVERSOK.H">
      <Filter>Include</Filter>
    </ClInclude>
    <ClInclude Include="DialogSetupSystem.h">
      <Filter>헤더 파일</Filter>
    </ClInclude>
  </ItemGroup>
  <ItemGroup>
    <ClCompile Include="IPS.cpp">
      <Filter>소스 파일</Filter>
    </ClCompile>
    <ClCompile Include="IPSDlg.cpp">
      <Filter>소스 파일</Filter>
    </ClCompile>
    <ClCompile Include="stdafx.cpp">
      <Filter>소스 파일</Filter>
    </ClCompile>
    <ClCompile Include="btnenh.cpp">
      <Filter>소스 파일</Filter>
    </ClCompile>
    <ClCompile Include="btnenhctrl.cpp">
      <Filter>소스 파일</Filter>
    </ClCompile>
    <ClCompile Include="DialogSetup.cpp">
      <Filter>소스 파일</Filter>
    </ClCompile>
    <ClCompile Include="DialogSetupTeaching.cpp">
      <Filter>소스 파일</Filter>
    </ClCompile>
    <ClCompile Include="include\Clientsok.CPP">
      <Filter>Include</Filter>
    </ClCompile>
    <ClCompile Include="include\SVERSOK.CPP">
      <Filter>Include</Filter>
    </ClCompile>
    <ClCompile Include="DialogSetupSystem.cpp">
      <Filter>소스 파일</Filter>
    </ClCompile>
    <ClCompile Include="cal.cpp">
      <Filter>소스 파일</Filter>
    </ClCompile>
  </ItemGroup>
  <ItemGroup>
    <Midl Include="IPS.idl">
      <Filter>소스 파일</Filter>
    </Midl>
  </ItemGroup>
  <ItemGroup>
    <ResourceCompile Include="IPS.rc">
      <Filter>리소스 파일</Filter>
    </ResourceCompile>
  </ItemGroup>
</Project>